{
  "nodes": {
    "flake-parts": {
      "inputs": {
        "nixpkgs-lib": [
          "neovim-nightly-overlay",
          "nixpkgs"
        ]
      },
      "locked": {
        "lastModified": 1769996383,
        "narHash": "sha256-AnYjnFWgS49RlqX7LrC4uA+sCCDBj0Ry/WOJ5XWAsa0=",
        "owner": "hercules-ci",
        "repo": "flake-parts",
        "rev": "57928607ea566b5db3ad13af0e57e921e6b12381",
        "type": "github"
      },
      "original": {
        "owner": "hercules-ci",
        "repo": "flake-parts",
        "type": "github"
      }
    },
    "home-manager": {
      "inputs": {
        "nixpkgs": [
          "nixpkgs"
        ]
      },
      "locked": {
        "lastModified": 1771625283,
        "narHash": "sha256-1T88/PSNKpRNtaiXATTae0hpRnBpjmIL0b1QfGO6HBA=",
        "owner": "nix-community",
        "repo": "home-manager",
        "rev": "a913ae61bf3b9f4312f6097b68cdf0a0fa699279",
        "type": "github"
      },
      "original": {
        "owner": "nix-community",
        "repo": "home-manager",
        "type": "github"
      }
    },
    "neovim-nightly-overlay": {
      "inputs": {
        "flake-parts": "flake-parts",
        "neovim-src": "neovim-src",
        "nixpkgs": [
          "nixpkgs"
        ]
      },
      "locked": {
        "lastModified": 1771632300,
        "narHash": "sha256-uP5SbbbN86+LZ8VubL01UKD6bez5DK9prqIqQOMy3Jw=",
        "owner": "nix-community",
        "repo": "neovim-nightly-overlay",
        "rev": "0f601090d4d54b3da0d03e270cb6a5c68bf84dd3",
        "type": "github"
      },
      "original": {
        "owner": "nix-community",
        "repo": "neovim-nightly-overlay",
        "type": "github"
      }
    },
    "neovim-src": {
      "flake": false,
      "locked": {
        "lastModified": 1771630915,
        "narHash": "sha256-7RPG+RG/e0O79HjNT/ztC7K7j/xXazltq3TPk1mauqY=",
        "owner": "neovim",
        "repo": "neovim",
        "rev": "d79a9dcd422133bc1e4b4ef94444962560d7a6d7",
        "type": "github"
      },
      "original": {
        "owner": "neovim",
        "repo": "neovim",
        "type": "github"
      }
    },
    "nixpkgs": {
      "locked": {
        "lastModified": 1771369470,
        "narHash": "sha256-0NBlEBKkN3lufyvFegY4TYv5mCNHbi5OmBDrzihbBMQ=",
        "owner": "NixOS",
        "repo": "nixpkgs",
        "rev": "0182a361324364ae3f436a63005877674cf45efb",
        "type": "github"
      },
      "original": {
        "owner": "NixOS",
        "ref": "nixos-unstable",
        "repo": "nixpkgs",
        "type": "github"
      }
    },
    "nvim": {
      "locked": {
        "lastModified": 1769397713,
        "narHash": "sha256-gKU62k7xpjKIrJ/Ykr8GvjP+p090uaB2xOU43FClFM0=",
        "owner": "jadc",
        "repo": "nvim",
        "rev": "8dcb6a2469de31096302ce3011fc0e4b18951fbc",
        "type": "github"
      },
      "original": {
        "owner": "jadc",
        "repo": "nvim",
        "type": "github"
      }
    },
    "root": {
      "inputs": {
        "home-manager": "home-manager",
        "neovim-nightly-overlay": "neovim-nightly-overlay",
        "nixpkgs": "nixpkgs",
        "nvim": "nvim"
      }
    }
  },
  "root": "root",
  "version": 7
}
